// !$*UTF8*$!
{
	archiveVersion = 1;
	classes = {
	};
	objectVersion = 50;
	objects = {

/* Begin PBXBuildFile section */
		03A6F43420C516380026A5AA /* AppDelegate.m in Sources */ = {isa = PBXBuildFile; fileRef = 03A6F43320C516380026A5AA /* AppDelegate.m */; };
		03A6F43720C516380026A5AA /* ViewController.m in Sources */ = {isa = PBXBuildFile; fileRef = 03A6F43620C516380026A5AA /* ViewController.m */; };
		03A6F43A20C516380026A5AA /* Main.storyboard in Resources */ = {isa = PBXBuildFile; fileRef = 03A6F43820C516380026A5AA /* Main.storyboard */; };
		03A6F43C20C516390026A5AA /* Assets.xcassets in Resources */ = {isa = PBXBuildFile; fileRef = 03A6F43B20C516390026A5AA /* Assets.xcassets */; };
		03A6F43F20C516390026A5AA /* LaunchScreen.storyboard in Resources */ = {isa = PBXBuildFile; fileRef = 03A6F43D20C516390026A5AA /* LaunchScreen.storyboard */; };
		03A6F44220C5163A0026A5AA /* main.m in Sources */ = {isa = PBXBuildFile; fileRef = 03A6F44120C5163A0026A5AA /* main.m */; };
		03A6F44C20C5163A0026A5AA /* CrashCatchedDemoTests.m in Sources */ = {isa = PBXBuildFile; fileRef = 03A6F44B20C5163A0026A5AA /* CrashCatchedDemoTests.m */; };
		03A6F45720C5163A0026A5AA /* CrashCatchedDemoUITests.m in Sources */ = {isa = PBXBuildFile; fileRef = 03A6F45620C5163A0026A5AA /* CrashCatchedDemoUITests.m */; };
		03A6F46720C516FB0026A5AA /* UncaughtExceptionHandler.m in Sources */ = {isa = PBXBuildFile; fileRef = 03A6F46620C516FB0026A5AA /* UncaughtExceptionHandler.m */; };
/* End PBXBuildFile section */

/* Begin PBXContainerItemProxy section */
		03A6F44820C5163A0026A5AA /* PBXContainerItemProxy */ = {
			isa = PBXContainerItemProxy;
			containerPortal = 03A6F42720C516380026A5AA /* Project object */;
			proxyType = 1;
			remoteGlobalIDString = 03A6F42E20C516380026A5AA;
			remoteInfo = CrashCatchedDemo;
		};
		03A6F45320C5163A0026A5AA /* PBXContainerItemProxy */ = {
			isa = PBXContainerItemProxy;
			containerPortal = 03A6F42720C516380026A5AA /* Project object */;
			proxyType = 1;
			remoteGlobalIDString = 03A6F42E20C516380026A5AA;
			remoteInfo = CrashCatchedDemo;
		};
/* End PBXContainerItemProxy section */

/* Begin PBXFileReference section */
		03A6F42F20C516380026A5AA /* CrashCatchedDemo.app */ = {isa = PBXFileReference; explicitFileType = wrapper.application; includeInIndex = 0; path = CrashCatchedDemo.app; sourceTree = BUILT_PRODUCTS_DIR; };
		03A6F43220C516380026A5AA /* AppDelegate.h */ = {isa = PBXFileReference; lastKnownFileType = sourcecode.c.h; path = AppDelegate.h; sourceTree = "<group>"; };
		03A6F43320C516380026A5AA /* AppDelegate.m */ = {isa = PBXFileReference; lastKnownFileType = sourcecode.c.objc; path = AppDelegate.m; sourceTree = "<group>"; };
		03A6F43520C516380026A5AA /* ViewController.h */ = {isa = PBXFileReference; lastKnownFileType = sourcecode.c.h; path = ViewController.h; sourceTree = "<group>"; };
		03A6F43620C516380026A5AA /* ViewController.m */ = {isa = PBXFileReference; lastKnownFileType = sourcecode.c.objc; path = ViewController.m; sourceTree = "<group>"; };
		03A6F43920C516380026A5AA /* Base */ = {isa = PBXFileReference; lastKnownFileType = file.storyboard; name = Base; path = Base.lproj/Main.storyboard; sourceTree = "<group>"; };
		03A6F43B20C516390026A5AA /* Assets.xcassets */ = {isa = PBXFileReference; lastKnownFileType = folder.assetcatalog; path = Assets.xcassets; sourceTree = "<group>"; };
		03A6F43E20C516390026A5AA /* Base */ = {isa = PBXFileReference; lastKnownFileType = file.storyboard; name = Base; path = Base.lproj/LaunchScreen.storyboard; sourceTree = "<group>"; };
		03A6F44020C516390026A5AA /* Info.plist */ = {isa = PBXFileReference; lastKnownFileType = text.plist.xml; path = Info.plist; sourceTree = "<group>"; };
		03A6F44120C5163A0026A5AA /* main.m */ = {isa = PBXFileReference; lastKnownFileType = sourcecode.c.objc; path = main.m; sourceTree = "<group>"; };
		03A6F44720C5163A0026A5AA /* CrashCatchedDemoTests.xctest */ = {isa = PBXFileReference; explicitFileType = wrapper.cfbundle; includeInIndex = 0; path = CrashCatchedDemoTests.xctest; sourceTree = BUILT_PRODUCTS_DIR; };
		03A6F44B20C5163A0026A5AA /* CrashCatchedDemoTests.m */ = {isa = PBXFileReference; lastKnownFileType = sourcecode.c.objc; path = CrashCatchedDemoTests.m; sourceTree = "<group>"; };
		03A6F44D20C5163A0026A5AA /* Info.plist */ = {isa = PBXFileReference; lastKnownFileType = text.plist.xml; path = Info.plist; sourceTree = "<group>"; };
		03A6F45220C5163A0026A5AA /* CrashCatchedDemoUITests.xctest */ = {isa = PBXFileReference; explicitFileType = wrapper.cfbundle; includeInIndex = 0; path = CrashCatchedDemoUITests.xctest; sourceTree = BUILT_PRODUCTS_DIR; };
		03A6F45620C5163A0026A5AA /* CrashCatchedDemoUITests.m */ = {isa = PBXFileReference; lastKnownFileType = sourcecode.c.objc; path = CrashCatchedDemoUITests.m; sourceTree = "<group>"; };
		03A6F45820C5163A0026A5AA /* Info.plist */ = {isa = PBXFileReference; lastKnownFileType = text.plist.xml; path = Info.plist; sourceTree = "<group>"; };
		03A6F46520C516FB0026A5AA /* UncaughtExceptionHandler.h */ = {isa = PBXFileReference; fileEncoding = 4; lastKnownFileType = sourcecode.c.h; path = UncaughtExceptionHandler.h; sourceTree = "<group>"; };
		03A6F46620C516FB0026A5AA /* UncaughtExceptionHandler.m */ = {isa = PBXFileReference; fileEncoding = 4; lastKnownFileType = sourcecode.c.objc; path = UncaughtExceptionHandler.m; sourceTree = "<group>"; };
/* End PBXFileReference section */

/* Begin PBXFrameworksBuildPhase section */
		03A6F42C20C516380026A5AA /* Frameworks */ = {
			isa = PBXFrameworksBuildPhase;
			buildActionMask = 2147483647;
			files = (
			);
			runOnlyForDeploymentPostprocessing = 0;
		};
		03A6F44420C5163A0026A5AA /* Frameworks */ = {
			isa = PBXFrameworksBuildPhase;
			buildActionMask = 2147483647;
			files = (
			);
			runOnlyForDeploymentPostprocessing = 0;
		};
		03A6F44F20C5163A0026A5AA /* Frameworks */ = {
			isa = PBXFrameworksBuildPhase;
			buildActionMask = 2147483647;
			files = (
			);
			runOnlyForDeploymentPostprocessing = 0;
		};
/* End PBXFrameworksBuildPhase section */

/* Begin PBXGroup section */
		03A6F42620C516380026A5AA = {
			isa = PBXGroup;
			children = (
				03A6F43120C516380026A5AA /* CrashCatchedDemo */,
				03A6F44A20C5163A0026A5AA /* CrashCatchedDemoTests */,
				03A6F45520C5163A0026A5AA /* CrashCatchedDemoUITests */,
				03A6F43020C516380026A5AA /* Products */,
			);
			sourceTree = "<group>";
		};
		03A6F43020C516380026A5AA /* Products */ = {
			isa = PBXGroup;
			children = (
				03A6F42F20C516380026A5AA /* CrashCatchedDemo.app */,
				03A6F44720C5163A0026A5AA /* CrashCatchedDemoTests.xctest */,
				03A6F45220C5163A0026A5AA /* CrashCatchedDemoUITests.xctest */,
			);
			name = Products;
			sourceTree = "<group>";
		};
		03A6F43120C516380026A5AA /* CrashCatchedDemo */ = {
			isa = PBXGroup;
			children = (
				03A6F46420C516FB0026A5AA /* CatchedHelper */,
				03A6F43220C516380026A5AA /* AppDelegate.h */,
				03A6F43320C516380026A5AA /* AppDelegate.m */,
				03A6F43520C516380026A5AA /* ViewController.h */,
				03A6F43620C516380026A5AA /* ViewController.m */,
				03A6F43820C516380026A5AA /* Main.storyboard */,
				03A6F43B20C516390026A5AA /* Assets.xcassets */,
				03A6F43D20C516390026A5AA /* LaunchScreen.storyboard */,
				03A6F44020C516390026A5AA /* Info.plist */,
				03A6F44120C5163A0026A5AA /* main.m */,
			);
			path = CrashCatchedDemo;
			sourceTree = "<group>";
		};
		03A6F44A20C5163A0026A5AA /* CrashCatchedDemoTests */ = {
			isa = PBXGroup;
			children = (
				03A6F44B20C5163A0026A5AA /* CrashCatchedDemoTests.m */,
				03A6F44D20C5163A0026A5AA /* Info.plist */,
			);
			path = CrashCatchedDemoTests;
			sourceTree = "<group>";
		};
		03A6F45520C5163A0026A5AA /* CrashCatchedDemoUITests */ = {
			isa = PBXGroup;
			children = (
				03A6F45620C5163A0026A5AA /* CrashCatchedDemoUITests.m */,
				03A6F45820C5163A0026A5AA /* Info.plist */,
			);
			path = CrashCatchedDemoUITests;
			sourceTree = "<group>";
		};
		03A6F46420C516FB0026A5AA /* CatchedHelper */ = {
			isa = PBXGroup;
			children = (
				03A6F46520C516FB0026A5AA /* UncaughtExceptionHandler.h */,
				03A6F46620C516FB0026A5AA /* UncaughtExceptionHandler.m */,
			);
			path = CatchedHelper;
			sourceTree = "<group>";
		};
/* End PBXGroup section */

/* Begin PBXNativeTarget section */
		03A6F42E20C516380026A5AA /* CrashCatchedDemo */ = {
			isa = PBXNativeTarget;
			buildConfigurationList = 03A6F45B20C5163A0026A5AA /* Build configuration list for PBXNativeTarget "CrashCatchedDemo" */;
			buildPhases = (
				03A6F42B20C516380026A5AA /* Sources */,
				03A6F42C20C516380026A5AA /* Frameworks */,
				03A6F42D20C516380026A5AA /* Resources */,
			);
			buildRules = (
			);
			dependencies = (
			);
			name = CrashCatchedDemo;
			productName = CrashCatchedDemo;
			productReference = 03A6F42F20C516380026A5AA /* CrashCatchedDemo.app */;
			productType = "com.apple.product-type.application";
		};
		03A6F44620C5163A0026A5AA /* CrashCatchedDemoTests */ = {
			isa = PBXNativeTarget;
			buildConfigurationList = 03A6F45E20C5163A0026A5AA /* Build configuration list for PBXNativeTarget "CrashCatchedDemoTests" */;
			buildPhases = (
				03A6F44320C5163A0026A5AA /* Sources */,
				03A6F44420C5163A0026A5AA /* Frameworks */,
				03A6F44520C5163A0026A5AA /* Resources */,
			);
			buildRules = (
			);
			dependencies = (
				03A6F44920C5163A0026A5AA /* PBXTargetDependency */,
			);
			name = CrashCatchedDemoTests;
			productName = CrashCatchedDemoTests;
			productReference = 03A6F44720C5163A0026A5AA /* CrashCatchedDemoTests.xctest */;
			productType = "com.apple.product-type.bundle.unit-test";
		};
		03A6F45120C5163A0026A5AA /* CrashCatchedDemoUITests */ = {
			isa = PBXNativeTarget;
			buildConfigurationList = 03A6F46120C5163A0026A5AA /* Build configuration list for PBXNativeTarget "CrashCatchedDemoUITests" */;
			buildPhases = (
				03A6F44E20C5163A0026A5AA /* Sources */,
				03A6F44F20C5163A0026A5AA /* Frameworks */,
				03A6F45020C5163A0026A5AA /* Resources */,
			);
			buildRules = (
			);
			dependencies = (
				03A6F45420C5163A0026A5AA /* PBXTargetDependency */,
			);
			name = CrashCatchedDemoUITests;
			productName = CrashCatchedDemoUITests;
			productReference = 03A6F45220C5163A0026A5AA /* CrashCatchedDemoUITests.xctest */;
			productType = "com.apple.product-type.bundle.ui-testing";
		};
/* End PBXNativeTarget section */

/* Begin PBXProject section */
		03A6F42720C516380026A5AA /* Project object */ = {
			isa = PBXProject;
			attributes = {
				LastUpgradeCheck = 0930;
				ORGANIZATIONNAME = JackerooChu;
				TargetAttributes = {
					03A6F42E20C516380026A5AA = {
						CreatedOnToolsVersion = 9.3;
					};
					03A6F44620C5163A0026A5AA = {
						CreatedOnToolsVersion = 9.3;
						TestTargetID = 03A6F42E20C516380026A5AA;
					};
					03A6F45120C5163A0026A5AA = {
						CreatedOnToolsVersion = 9.3;
						TestTargetID = 03A6F42E20C516380026A5AA;
					};
				};
			};
			buildConfigurationList = 03A6F42A20C516380026A5AA /* Build configuration list for PBXProject "CrashCatchedDemo" */;
			compatibilityVersion = "Xcode 9.3";
			developmentRegion = en;
			hasScannedForEncodings = 0;
			knownRegions = (
				en,
				Base,
			);
			mainGroup = 03A6F42620C516380026A5AA;
			productRefGroup = 03A6F43020C516380026A5AA /* Products */;
			projectDirPath = "";
			projectRoot = "";
			targets = (
				03A6F42E20C516380026A5AA /* CrashCatchedDemo */,
				03A6F44620C5163A0026A5AA /* CrashCatchedDemoTests */,
				03A6F45120C5163A0026A5AA /* CrashCatchedDemoUITests */,
			);
		};
/* End PBXProject section */

/* Begin PBXResourcesBuildPhase section */
		03A6F42D20C516380026A5AA /* Resources */ = {
			isa = PBXResourcesBuildPhase;
			buildActionMask = 2147483647;
			files = (
				03A6F43F20C516390026A5AA /* LaunchScreen.storyboard in Resources */,
				03A6F43C20C516390026A5AA /* Assets.xcassets in Resources */,
				03A6F43A20C516380026A5AA /* Main.storyboard in Resources */,
			);
			runOnlyForDeploymentPostprocessing = 0;
		};
		03A6F44520C5163A0026A5AA /* Resources */ = {
			isa = PBXResourcesBuildPhase;
			buildActionMask = 2147483647;
			files = (
			);
			runOnlyForDeploymentPostprocessing = 0;
		};
		03A6F45020C5163A0026A5AA /* Resources */ = {
			isa = PBXResourcesBuildPhase;
			buildActionMask = 2147483647;
			files = (
			);
			runOnlyForDeploymentPostprocessing = 0;
		};
/* End PBXResourcesBuildPhase section */

/* Begin PBXSourcesBuildPhase section */
		03A6F42B20C516380026A5AA /* Sources */ = {
			isa = PBXSourcesBuildPhase;
			buildActionMask = 2147483647;
			files = (
				03A6F43720C516380026A5AA /* ViewController.m in Sources */,
				03A6F46720C516FB0026A5AA /* UncaughtExceptionHandler.m in Sources */,
				03A6F44220C5163A0026A5AA /* main.m in Sources */,
				03A6F43420C516380026A5AA /* AppDelegate.m in Sources */,
			);
			runOnlyForDeploymentPostprocessing = 0;
		};
		03A6F44320C5163A0026A5AA /* Sources */ = {
			isa = PBXSourcesBuildPhase;
			buildActionMask = 2147483647;
			files = (
				03A6F44C20C5163A0026A5AA /* CrashCatchedDemoTests.m in Sources */,
			);
			runOnlyForDeploymentPostprocessing = 0;
		};
		03A6F44E20C5163A0026A5AA /* Sources */ = {
			isa = PBXSourcesBuildPhase;
			buildActionMask = 2147483647;
			files = (
				03A6F45720C5163A0026A5AA /* CrashCatchedDemoUITests.m in Sources */,
			);
			runOnlyForDeploymentPostprocessing = 0;
		};
/* End PBXSourcesBuildPhase section */

/* Begin PBXTargetDependency section */
		03A6F44920C5163A0026A5AA /* PBXTargetDependency */ = {
			isa = PBXTargetDependency;
			target = 03A6F42E20C516380026A5AA /* CrashCatchedDemo */;
			targetProxy = 03A6F44820C5163A0026A5AA /* PBXContainerItemProxy */;
		};
		03A6F45420C5163A0026A5AA /* PBXTargetDependency */ = {
			isa = PBXTargetDependency;
			target = 03A6F42E20C516380026A5AA /* CrashCatchedDemo */;
			targetProxy = 03A6F45320C5163A0026A5AA /* PBXContainerItemProxy */;
		};
/* End PBXTargetDependency section */

/* Begin PBXVariantGroup section */
		03A6F43820C516380026A5AA /* Main.storyboard */ = {
			isa = PBXVariantGroup;
			children = (
				03A6F43920C516380026A5AA /* Base */,
			);
			name = Main.storyboard;
			sourceTree = "<group>";
		};
		03A6F43D20C516390026A5AA /* LaunchScreen.storyboard */ = {
			isa = PBXVariantGroup;
			children = (
				03A6F43E20C516390026A5AA /* Base */,
			);
			name = LaunchScreen.storyboard;
			sourceTree = "<group>";
		};
/* End PBXVariantGroup section */

/* Begin XCBuildConfiguration section */
		03A6F45920C5163A0026A5AA /* Debug */ = {
			isa = XCBuildConfiguration;
			buildSettings = {
				ALWAYS_SEARCH_USER_PATHS = NO;
				CLANG_ANALYZER_NONNULL = YES;
				CLANG_ANALYZER_NUMBER_OBJECT_CONVERSION = YES_AGGRESSIVE;
				CLANG_CXX_LANGUAGE_STANDARD = "gnu++14";
				CLANG_CXX_LIBRARY = "libc++";
				CLANG_ENABLE_MODULES = YES;
				CLANG_ENABLE_OBJC_ARC = YES;
				CLANG_ENABLE_OBJC_WEAK = YES;
				CLANG_WARN_BLOCK_CAPTURE_AUTORELEASING = YES;
				CLANG_WARN_BOOL_CONVERSION = YES;
				CLANG_WARN_COMMA = YES;
				CLANG_WARN_CONSTANT_CONVERSION = YES;
				CLANG_WARN_DEPRECATED_OBJC_IMPLEMENTATIONS = YES;
				CLANG_WARN_DIRECT_OBJC_ISA_USAGE = YES_ERROR;
				CLANG_WARN_DOCUMENTATION_COMMENTS = YES;
				CLANG_WARN_EMPTY_BODY = YES;
				CLANG_WARN_ENUM_CONVERSION = YES;
				CLANG_WARN_INFINITE_RECURSION = YES;
				CLANG_WARN_INT_CONVERSION = YES;
				CLANG_WARN_NON_LITERAL_NULL_CONVERSION = YES;
				CLANG_WARN_OBJC_IMPLICIT_RETAIN_SELF = YES;
				CLANG_WARN_OBJC_LITERAL_CONVERSION = YES;
				CLANG_WARN_OBJC_ROOT_CLASS = YES_ERROR;
				CLANG_WARN_RANGE_LOOP_ANALYSIS = YES;
				CLANG_WARN_STRICT_PROTOTYPES = YES;
				CLANG_WARN_SUSPICIOUS_MOVE = YES;
				CLANG_WARN_UNGUARDED_AVAILABILITY = YES_AGGRESSIVE;
				CLANG_WARN_UNREACHABLE_CODE = YES;
				CLANG_WARN__DUPLICATE_METHOD_MATCH = YES;
				CODE_SIGN_IDENTITY = "iPhone Developer";
				COPY_PHASE_STRIP = NO;
				DEBUG_INFORMATION_FORMAT = dwarf;
				ENABLE_STRICT_OBJC_MSGSEND = YES;
				ENABLE_TESTABILITY = YES;
				GCC_C_LANGUAGE_STANDARD = gnu11;
				GCC_DYNAMIC_NO_PIC = NO;
				GCC_NO_COMMON_BLOCKS = YES;
				GCC_OPTIMIZATION_LEVEL = 0;
				GCC_PREPROCESSOR_DEFINITIONS = (
					"DEBUG=1",
					"$(inherited)",
				);
				GCC_WARN_64_TO_32_BIT_CONVERSION = YES;
				GCC_WARN_ABOUT_RETURN_TYPE = YES_ERROR;
				GCC_WARN_UNDECLARED_SELECTOR = YES;
				GCC_WARN_UNINITIALIZED_AUTOS = YES_AGGRESSIVE;
				GCC_WARN_UNUSED_FUNCTION = YES;
				GCC_WARN_UNUSED_VARIABLE = YES;
				IPHONEOS_DEPLOYMENT_TARGET = 11.3;
				MTL_ENABLE_DEBUG_INFO = YES;
				ONLY_ACTIVE_ARCH = YES;
				SDKROOT = iphoneos;
			};
			name = Debug;
		};
		03A6F45A20C5163A0026A5AA /* Release */ = {
			isa = XCBuildConfiguration;
			buildSettings = {
				ALWAYS_SEARCH_USER_PATHS = NO;
				CLANG_ANALYZER_NONNULL = YES;
				CLANG_ANALYZER_NUMBER_OBJECT_CONVERSION = YES_AGGRESSIVE;
				CLANG_CXX_LANGUAGE_STANDARD = "gnu++14";
				CLANG_CXX_LIBRARY = "libc++";
				CLANG_ENABLE_MODULES = YES;
				CLANG_ENABLE_OBJC_ARC = YES;
				CLANG_ENABLE_OBJC_WEAK = YES;
				CLANG_WARN_BLOCK_CAPTURE_AUTORELEASING = YES;
				CLANG_WARN_BOOL_CONVERSION = YES;
				CLANG_WARN_COMMA = YES;
				CLANG_WARN_CONSTANT_CONVERSION = YES;
				CLANG_WARN_DEPRECATED_OBJC_IMPLEMENTATIONS = YES;
				CLANG_WARN_DIRECT_OBJC_ISA_USAGE = YES_ERROR;
				CLANG_WARN_DOCUMENTATION_COMMENTS = YES;
				CLANG_WARN_EMPTY_BODY = YES;
				CLANG_WARN_ENUM_CONVERSION = YES;
				CLANG_WARN_INFINITE_RECURSION = YES;
				CLANG_WARN_INT_CONVERSION = YES;
				CLANG_WARN_NON_LITERAL_NULL_CONVERSION = YES;
				CLANG_WARN_OBJC_IMPLICIT_RETAIN_SELF = YES;
				CLANG_WARN_OBJC_LITERAL_CONVERSION = YES;
				CLANG_WARN_OBJC_ROOT_CLASS = YES_ERROR;
				CLANG_WARN_RANGE_LOOP_ANALYSIS = YES;
				CLANG_WARN_STRICT_PROTOTYPES = YES;
				CLANG_WARN_SUSPICIOUS_MOVE = YES;
				CLANG_WARN_UNGUARDED_AVAILABILITY = YES_AGGRESSIVE;
				CLANG_WARN_UNREACHABLE_CODE = YES;
				CLANG_WARN__DUPLICATE_METHOD_MATCH = YES;
				CODE_SIGN_IDENTITY = "iPhone Developer";
				COPY_PHASE_STRIP = NO;
				DEBUG_INFORMATION_FORMAT = "dwarf-with-dsym";
				ENABLE_NS_ASSERTIONS = NO;
				ENABLE_STRICT_OBJC_MSGSEND = YES;
				GCC_C_LANGUAGE_STANDARD = gnu11;
				GCC_NO_COMMON_BLOCKS = YES;
				GCC_WARN_64_TO_32_BIT_CONVERSION = YES;
				GCC_WARN_ABOUT_RETURN_TYPE = YES_ERROR;
				GCC_WARN_UNDECLARED_SELECTOR = YES;
				GCC_WARN_UNINITIALIZED_AUTOS = YES_AGGRESSIVE;
				GCC_WARN_UNUSED_FUNCTION = YES;
				GCC_WARN_UNUSED_VARIABLE = YES;
				IPHONEOS_DEPLOYMENT_TARGET = 11.3;
				MTL_ENABLE_DEBUG_INFO = NO;
				SDKROOT = iphoneos;
				VALIDATE_PRODUCT = YES;
			};
			name = Release;
		};
		03A6F45C20C5163A0026A5AA /* Debug */ = {
			isa = XCBuildConfiguration;
			buildSettings = {
				ASSETCATALOG_COMPILER_APPICON_NAME = AppIcon;
				CODE_SIGN_STYLE = Automatic;
				INFOPLIST_FILE = CrashCatchedDemo/Info.plist;
				IPHONEOS_DEPLOYMENT_TARGET = 9.1;
				LD_RUNPATH_SEARCH_PATHS = (
					"$(inherited)",
					"@executable_path/Frameworks",
				);
				PRODUCT_BUNDLE_IDENTIFIER = com.JackerooChu.www.CrashCatchedDemo;
				PRODUCT_NAME = "$(TARGET_NAME)";
				TARGETED_DEVICE_FAMILY = 1;
			};
			name = Debug;
		};
		03A6F45D20C5163A0026A5AA /* Release */ = {
			isa = XCBuildConfiguration;
			buildSettings = {
				ASSETCATALOG_COMPILER_APPICON_NAME = AppIcon;
				CODE_SIGN_STYLE = Automatic;
				INFOPLIST_FILE = CrashCatchedDemo/Info.plist;
				IPHONEOS_DEPLOYMENT_TARGET = 9.1;
				LD_RUNPATH_SEARCH_PATHS = (
					"$(inherited)",
					"@executable_path/Frameworks",
				);
				PRODUCT_BUNDLE_IDENTIFIER = com.JackerooChu.www.CrashCatchedDemo;
				PRODUCT_NAME = "$(TARGET_NAME)";
				TARGETED_DEVICE_FAMILY = 1;
			};
			name = Release;
		};
		03A6F45F20C5163A0026A5AA /* Debug */ = {
			isa = XCBuildConfiguration;
			buildSettings = {
				BUNDLE_LOADER = "$(TEST_HOST)";
				CODE_SIGN_STYLE = Automatic;
				INFOPLIST_FILE = CrashCatchedDemoTests/Info.plist;
				LD_RUNPATH_SEARCH_PATHS = (
					"$(inherited)",
					"@executable_path/Frameworks",
					"@loader_path/Frameworks",
				);
				PRODUCT_BUNDLE_IDENTIFIER = com.JackerooChu.www.CrashCatchedDemoTests;
				PRODUCT_NAME = "$(TARGET_NAME)";
				TARGETED_DEVICE_FAMILY = "1,2";
				TEST_HOST = "$(BUILT_PRODUCTS_DIR)/CrashCatchedDemo.app/CrashCatchedDemo";
			};
			name = Debug;
		};
		03A6F46020C5163A0026A5AA /* Release */ = {
			isa = XCBuildConfiguration;
			buildSettings = {
				BUNDLE_LOADER = "$(TEST_HOST)";
				CODE_SIGN_STYLE = Automatic;
				INFOPLIST_FILE = CrashCatchedDemoTests/Info.plist;
				LD_RUNPATH_SEARCH_PATHS = (
					"$(inherited)",
					"@executable_path/Frameworks",
					"@loader_path/Frameworks",
				);
				PRODUCT_BUNDLE_IDENTIFIER = com.JackerooChu.www.CrashCatchedDemoTests;
				PRODUCT_NAME = "$(TARGET_NAME)";
				TARGETED_DEVICE_FAMILY = "1,2";
				TEST_HOST = "$(BUILT_PRODUCTS_DIR)/CrashCatchedDemo.app/CrashCatchedDemo";
			};
			name = Release;
		};
		03A6F46220C5163A0026A5AA /* Debug */ = {
			isa = XCBuildConfiguration;
			buildSettings = {
				CODE_SIGN_STYLE = Automatic;
				INFOPLIST_FILE = CrashCatchedDemoUITests/Info.plist;
				LD_RUNPATH_SEARCH_PATHS = (
					"$(inherited)",
					"@executable_path/Frameworks",
					"@loader_path/Frameworks",
				);
				PRODUCT_BUNDLE_IDENTIFIER = com.JackerooChu.www.CrashCatchedDemoUITests;
				PRODUCT_NAME = "$(TARGET_NAME)";
				TARGETED_DEVICE_FAMILY = "1,2";
				TEST_TARGET_NAME = CrashCatchedDemo;
			};
			name = Debug;
		};
		03A6F46320C5163A0026A5AA /* Release */ = {
			isa = XCBuildConfiguration;
			buildSettings = {
				CODE_SIGN_STYLE = Automatic;
				INFOPLIST_FILE = CrashCatchedDemoUITests/Info.plist;
				LD_RUNPATH_SEARCH_PATHS = (
					"$(inherited)",
					"@executable_path/Frameworks",
					"@loader_path/Frameworks",
				);
				PRODUCT_BUNDLE_IDENTIFIER = com.JackerooChu.www.CrashCatchedDemoUITests;
				PRODUCT_NAME = "$(TARGET_NAME)";
				TARGETED_DEVICE_FAMILY = "1,2";
				TEST_TARGET_NAME = CrashCatchedDemo;
			};
			name = Release;
		};
/* End XCBuildConfiguration section */

/* Begin XCConfigurationList section */
		03A6F42A20C516380026A5AA /* Build configuration list for PBXProject "CrashCatchedDemo" */ = {
			isa = XCConfigurationList;
			buildConfigurations = (
				03A6F45920C5163A0026A5AA /* Debug */,
				03A6F45A20C5163A0026A5AA /* Release */,
			);
			defaultConfigurationIsVisible = 0;
			defaultConfigurationName = Release;
		};
		03A6F45B20C5163A0026A5AA /* Build configuration list for PBXNativeTarget "CrashCatchedDemo" */ = {
			isa = XCConfigurationList;
			buildConfigurations = (
				03A6F45C20C5163A0026A5AA /* Debug */,
				03A6F45D20C5163A0026A5AA /* Release */,
			);
			defaultConfigurationIsVisible = 0;
			defaultConfigurationName = Release;
		};
		03A6F45E20C5163A0026A5AA /* Build configuration list for PBXNativeTarget "CrashCatchedDemoTests" */ = {
			isa = XCConfigurationList;
			buildConfigurations = (
				03A6F45F20C5163A0026A5AA /* Debug */,
				03A6F46020C5163A0026A5AA /* Release */,
			);
			defaultConfigurationIsVisible = 0;
			defaultConfigurationName = Release;
		};
		03A6F46120C5163A0026A5AA /* Build configuration list for PBXNativeTarget "CrashCatchedDemoUITests" */ = {
			isa = XCConfigurationList;
			buildConfigurations = (
				03A6F46220C5163A0026A5AA /* Debug */,
				03A6F46320C5163A0026A5AA /* Release */,
			);
			defaultConfigurationIsVisible = 0;
			defaultConfigurationName = Release;
		};
/* End XCConfigurationList section */
	};
	rootObject = 03A6F42720C516380026A5AA /* Project object */;
}
